{
  "name": "mmicompanion",
  "lockfileVersion": 3,
  "requires": true,
  "packages": {
    "": {
      "dependencies": {
        "@widgetjs/tree": "^1.8.3",
        "fireworks-js": "^2.10.7"
        "bootstrap-table": "^1.22.1"
      }
    },
    "node_modules/@widgetjs/tree": {
      "version": "1.8.3",
      "resolved": "https://registry.npmjs.org/@widgetjs/tree/-/tree-1.8.3.tgz",
      "integrity": "sha512-P2Mh8FVodMBLSB2AGkQYCI8Kjra1b+uDwrS8V7o6EwbkAegqx/dhIyHnDQqhHmqfXyb7TuvQQd0c710EXPhftg=="
    },
    "node_modules/fireworks-js": {
      "version": "2.10.7",
      "resolved": "https://registry.npmjs.org/fireworks-js/-/fireworks-js-2.10.7.tgz",
      "integrity": "sha512-FyRNiqlgu9ZeFCjfN0UiGUlj5dUWNYLyFaWN/Q8sOMf0E+KGA4dMROaBZpCtym85fChgCspoa3jHoLTRZiy74A=="
    },
    "node_modules/bootstrap-table": {
      "version": "1.22.1",
      "resolved": "https://registry.npmjs.org/bootstrap-table/-/bootstrap-table-1.22.1.tgz",
      "integrity": "sha512-Nw8p+BmaiMDSfoer/p49YeI3vJQAWhudxhyKMuqnJBb3NRvCRewMk7JDgiN9SQO3YeSejOirKtcdWpM0dtddWg==",
      "peerDependencies": {
        "jquery": "3"
      }
    },
    "node_modules/jquery": {
      "version": "3.7.1",
      "resolved": "https://registry.npmjs.org/jquery/-/jquery-3.7.1.tgz",
      "integrity": "sha512-m4avr8yL8kmFN8psrbFFFmB/If14iN5o9nw/NgnnM+kybDJpRsAynV2BsfpTYrTRysYUdADVD7CkUUizgkpLfg==",
      "peer": true
    }
  }
}
